
Microsoft Visual Studio Solution File, Format Version 12.00
# Visual Studio 15
VisualStudioVersion = 15.0.28307.572
MinimumVisualStudioVersion = 10.0.40219.1
Project("{888888A0-9F3D-457C-B088-3A5042F75D52}") = "VideoCapture", "VideoCapture\VideoCapture.pyproj", "{DFEECB58-1D49-44BD-8248-ED512B434C1A}"
EndProject
Global
	GlobalSection(SolutionConfigurationPlatforms) = preSolution
		Debug|Any CPU = Debug|Any CPU
		Release|Any CPU = Release|Any CPU
	EndGlobalSection
	GlobalSection(ProjectConfigurationPlatforms) = postSolution
		{DFEECB58-1D49-44BD-8248-ED512B434C1A}.Debug|Any CPU.ActiveCfg = Debug|Any CPU
		{DFEECB58-1D49-44BD-8248-ED512B434C1A}.Release|Any CPU.ActiveCfg = Release|Any CPU
	EndGlobalSection
	GlobalSection(SolutionProperties) = preSolution
		HideSolutionNode = FALSE
	EndGlobalSection
	GlobalSection(ExtensibilityGlobals) = postSolution
		SolutionGuid = {FABC5D3B-E8F1-485A-BA00-8ABE23F8ED6E}
	EndGlobalSection
EndGlobal
